// !$*UTF8*$!
{
	archiveVersion = 1;
	classes = {
	};
	objectVersion = 56;
	objects = {

/* Begin PBXBuildFile section */
		3F7C39AE2C2FE32800EDE67C /* SalesmanApp.swift in Sources */ = {isa = PBXBuildFile; fileRef = 3F7C39AD2C2FE32800EDE67C /* SalesmanApp.swift */; };
		3F7C39B02C2FE32800EDE67C /* ContentView.swift in Sources */ = {isa = PBXBuildFile; fileRef = 3F7C39AF2C2FE32800EDE67C /* ContentView.swift */; };
		3F7C39B22C2FE32900EDE67C /* Assets.xcassets in Resources */ = {isa = PBXBuildFile; fileRef = 3F7C39B12C2FE32900EDE67C /* Assets.xcassets */; };
		3F7C39B52C2FE32900EDE67C /* Preview Assets.xcassets in Resources */ = {isa = PBXBuildFile; fileRef = 3F7C39B42C2FE32900EDE67C /* Preview Assets.xcassets */; };
		3F7C39C92C2FE32900EDE67C /* SalesmanAppUITests.swift in Sources */ = {isa = PBXBuildFile; fileRef = 3F7C39C82C2FE32900EDE67C /* SalesmanAppUITests.swift */; };
		3F7C39CB2C2FE32900EDE67C /* SalesmanAppUITestsLaunchTests.swift in Sources */ = {isa = PBXBuildFile; fileRef = 3F7C39CA2C2FE32900EDE67C /* SalesmanAppUITestsLaunchTests.swift */; };
		3F7C39D82C2FE38600EDE67C /* README.md in Resources */ = {isa = PBXBuildFile; fileRef = 3F7C39D72C2FE38600EDE67C /* README.md */; };
		3F7C39DF2C2FEA5000EDE67C /* Localizable.xcstrings in Resources */ = {isa = PBXBuildFile; fileRef = 3F7C39DE2C2FEA5000EDE67C /* Localizable.xcstrings */; };
		3F7C39E32C2FED5F00EDE67C /* SalesmanDTO.swift in Sources */ = {isa = PBXBuildFile; fileRef = 3F7C39E22C2FED5F00EDE67C /* SalesmanDTO.swift */; };
		3F7C39E82C2FEDCF00EDE67C /* SalesmansRepository.swift in Sources */ = {isa = PBXBuildFile; fileRef = 3F7C39E72C2FEDCF00EDE67C /* SalesmansRepository.swift */; };
		3F7C39EB2C2FEE1900EDE67C /* Salesman.swift in Sources */ = {isa = PBXBuildFile; fileRef = 3F7C39EA2C2FEE1900EDE67C /* Salesman.swift */; };
		3F7C39EE2C2FEE8500EDE67C /* DefaultSalesmansRepository.swift in Sources */ = {isa = PBXBuildFile; fileRef = 3F7C39ED2C2FEE8500EDE67C /* DefaultSalesmansRepository.swift */; };
		3F7C3A032C3000C600EDE67C /* SalesmanAddressesViewModel.swift in Sources */ = {isa = PBXBuildFile; fileRef = 3F7C3A022C3000C600EDE67C /* SalesmanAddressesViewModel.swift */; };
		3F7C3A052C3000E100EDE67C /* SalesmanAddressesListView.swift in Sources */ = {isa = PBXBuildFile; fileRef = 3F7C3A042C3000E100EDE67C /* SalesmanAddressesListView.swift */; };
		3F7C3A082C30013400EDE67C /* FetchSalesmansUseCase.swift in Sources */ = {isa = PBXBuildFile; fileRef = 3F7C3A072C30013400EDE67C /* FetchSalesmansUseCase.swift */; };
		3F7C3A102C300C0A00EDE67C /* SF-Pro-Regular.otf in Resources */ = {isa = PBXBuildFile; fileRef = 3F7C3A0F2C300C0A00EDE67C /* SF-Pro-Regular.otf */; };
		3F7C3A122C300C3000EDE67C /* SF-Pro-Semibold.otf in Resources */ = {isa = PBXBuildFile; fileRef = 3F7C3A112C300C3000EDE67C /* SF-Pro-Semibold.otf */; };
		3F7C3A162C300D0F00EDE67C /* Font+Extensions.swift in Sources */ = {isa = PBXBuildFile; fileRef = 3F7C3A152C300D0F00EDE67C /* Font+Extensions.swift */; };
		3F7C3A182C300FEC00EDE67C /* SearchBar.swift in Sources */ = {isa = PBXBuildFile; fileRef = 3F7C3A172C300FEC00EDE67C /* SearchBar.swift */; };
		3F7C3A1A2C30114500EDE67C /* SalesmanRow.swift in Sources */ = {isa = PBXBuildFile; fileRef = 3F7C3A192C30114500EDE67C /* SalesmanRow.swift */; };
		3F7C3A1C2C30123D00EDE67C /* ContactCircleView.swift in Sources */ = {isa = PBXBuildFile; fileRef = 3F7C3A1B2C30123D00EDE67C /* ContactCircleView.swift */; };
		3F7C3A202C30157D00EDE67C /* String+Extensions.swift in Sources */ = {isa = PBXBuildFile; fileRef = 3F7C3A1F2C30157D00EDE67C /* String+Extensions.swift */; };
		3F7C3A232C30199D00EDE67C /* SalesmanTestData.swift in Sources */ = {isa = PBXBuildFile; fileRef = 3F7C3A222C30199D00EDE67C /* SalesmanTestData.swift */; };
		3F7C3A272C301D3C00EDE67C /* TopNavBar.swift in Sources */ = {isa = PBXBuildFile; fileRef = 3F7C3A262C301D3C00EDE67C /* TopNavBar.swift */; };
		3F7C3A292C301D7500EDE67C /* SafeAreaTopColor.swift in Sources */ = {isa = PBXBuildFile; fileRef = 3F7C3A282C301D7500EDE67C /* SafeAreaTopColor.swift */; };
		3F7C3A2D2C30321C00EDE67C /* SearchSalesmenUseCase.swift in Sources */ = {isa = PBXBuildFile; fileRef = 3F7C3A2C2C30321C00EDE67C /* SearchSalesmenUseCase.swift */; };
		3F7C3A2F2C30360C00EDE67C /* SalesmanQuery.swift in Sources */ = {isa = PBXBuildFile; fileRef = 3F7C3A2E2C30360C00EDE67C /* SalesmanQuery.swift */; };
		3F7C3A322C3038C300EDE67C /* Array+Extensions.swift in Sources */ = {isa = PBXBuildFile; fileRef = 3F7C3A312C3038C300EDE67C /* Array+Extensions.swift */; };
		3F7C3A352C303A0F00EDE67C /* Publisher+Extensions.swift in Sources */ = {isa = PBXBuildFile; fileRef = 3F7C3A342C303A0F00EDE67C /* Publisher+Extensions.swift */; };
		3F7C3A372C30560400EDE67C /* UIApplication+Extensions.swift in Sources */ = {isa = PBXBuildFile; fileRef = 3F7C3A362C30560400EDE67C /* UIApplication+Extensions.swift */; };
		3F7C3A3D2C3060D500EDE67C /* AppDIContainer.swift in Sources */ = {isa = PBXBuildFile; fileRef = 3F7C3A3C2C3060D500EDE67C /* AppDIContainer.swift */; };
		3F7C3A412C30663900EDE67C /* SalesmanDIContainer.swift in Sources */ = {isa = PBXBuildFile; fileRef = 3F7C3A402C30663900EDE67C /* SalesmanDIContainer.swift */; };
		3F7C3A452C309D9400EDE67C /* SearchSalesmenUseCaseTests.swift in Sources */ = {isa = PBXBuildFile; fileRef = 3F7C3A442C309D9400EDE67C /* SearchSalesmenUseCaseTests.swift */; };
/* End PBXBuildFile section */

/* Begin PBXContainerItemProxy section */
		3F7C39BB2C2FE32900EDE67C /* PBXContainerItemProxy */ = {
			isa = PBXContainerItemProxy;
			containerPortal = 3F7C39A22C2FE32800EDE67C /* Project object */;
			proxyType = 1;
			remoteGlobalIDString = 3F7C39A92C2FE32800EDE67C;
			remoteInfo = SalesmanApp;
		};
		3F7C39C52C2FE32900EDE67C /* PBXContainerItemProxy */ = {
			isa = PBXContainerItemProxy;
			containerPortal = 3F7C39A22C2FE32800EDE67C /* Project object */;
			proxyType = 1;
			remoteGlobalIDString = 3F7C39A92C2FE32800EDE67C;
			remoteInfo = SalesmanApp;
		};
/* End PBXContainerItemProxy section */

/* Begin PBXFileReference section */
		3F7C39AA2C2FE32800EDE67C /* SalesmanApp.app */ = {isa = PBXFileReference; explicitFileType = wrapper.application; includeInIndex = 0; path = SalesmanApp.app; sourceTree = BUILT_PRODUCTS_DIR; };
		3F7C39AD2C2FE32800EDE67C /* SalesmanApp.swift */ = {isa = PBXFileReference; lastKnownFileType = sourcecode.swift; path = SalesmanApp.swift; sourceTree = "<group>"; };
		3F7C39AF2C2FE32800EDE67C /* ContentView.swift */ = {isa = PBXFileReference; lastKnownFileType = sourcecode.swift; path = ContentView.swift; sourceTree = "<group>"; };
		3F7C39B12C2FE32900EDE67C /* Assets.xcassets */ = {isa = PBXFileReference; lastKnownFileType = folder.assetcatalog; path = Assets.xcassets; sourceTree = "<group>"; };
		3F7C39B42C2FE32900EDE67C /* Preview Assets.xcassets */ = {isa = PBXFileReference; lastKnownFileType = folder.assetcatalog; path = "Preview Assets.xcassets"; sourceTree = "<group>"; };
		3F7C39BA2C2FE32900EDE67C /* SalesmanAppTests.xctest */ = {isa = PBXFileReference; explicitFileType = wrapper.cfbundle; includeInIndex = 0; path = SalesmanAppTests.xctest; sourceTree = BUILT_PRODUCTS_DIR; };
		3F7C39C42C2FE32900EDE67C /* SalesmanAppUITests.xctest */ = {isa = PBXFileReference; explicitFileType = wrapper.cfbundle; includeInIndex = 0; path = SalesmanAppUITests.xctest; sourceTree = BUILT_PRODUCTS_DIR; };
		3F7C39C82C2FE32900EDE67C /* SalesmanAppUITests.swift */ = {isa = PBXFileReference; lastKnownFileType = sourcecode.swift; path = SalesmanAppUITests.swift; sourceTree = "<group>"; };
		3F7C39CA2C2FE32900EDE67C /* SalesmanAppUITestsLaunchTests.swift */ = {isa = PBXFileReference; lastKnownFileType = sourcecode.swift; path = SalesmanAppUITestsLaunchTests.swift; sourceTree = "<group>"; };
		3F7C39D72C2FE38600EDE67C /* README.md */ = {isa = PBXFileReference; fileEncoding = 4; lastKnownFileType = net.daringfireball.markdown; path = README.md; sourceTree = "<group>"; };
		3F7C39DE2C2FEA5000EDE67C /* Localizable.xcstrings */ = {isa = PBXFileReference; lastKnownFileType = text.json.xcstrings; path = Localizable.xcstrings; sourceTree = "<group>"; };
		3F7C39E22C2FED5F00EDE67C /* SalesmanDTO.swift */ = {isa = PBXFileReference; lastKnownFileType = sourcecode.swift; path = SalesmanDTO.swift; sourceTree = "<group>"; };
		3F7C39E72C2FEDCF00EDE67C /* SalesmansRepository.swift */ = {isa = PBXFileReference; lastKnownFileType = sourcecode.swift; path = SalesmansRepository.swift; sourceTree = "<group>"; };
		3F7C39EA2C2FEE1900EDE67C /* Salesman.swift */ = {isa = PBXFileReference; lastKnownFileType = sourcecode.swift; path = Salesman.swift; sourceTree = "<group>"; };
		3F7C39ED2C2FEE8500EDE67C /* DefaultSalesmansRepository.swift */ = {isa = PBXFileReference; lastKnownFileType = sourcecode.swift; path = DefaultSalesmansRepository.swift; sourceTree = "<group>"; };
		3F7C3A022C3000C600EDE67C /* SalesmanAddressesViewModel.swift */ = {isa = PBXFileReference; lastKnownFileType = sourcecode.swift; path = SalesmanAddressesViewModel.swift; sourceTree = "<group>"; };
		3F7C3A042C3000E100EDE67C /* SalesmanAddressesListView.swift */ = {isa = PBXFileReference; lastKnownFileType = sourcecode.swift; path = SalesmanAddressesListView.swift; sourceTree = "<group>"; };
		3F7C3A072C30013400EDE67C /* FetchSalesmansUseCase.swift */ = {isa = PBXFileReference; lastKnownFileType = sourcecode.swift; path = FetchSalesmansUseCase.swift; sourceTree = "<group>"; };
		3F7C3A0F2C300C0A00EDE67C /* SF-Pro-Regular.otf */ = {isa = PBXFileReference; lastKnownFileType = file; path = "SF-Pro-Regular.otf"; sourceTree = "<group>"; };
		3F7C3A112C300C3000EDE67C /* SF-Pro-Semibold.otf */ = {isa = PBXFileReference; lastKnownFileType = file; path = "SF-Pro-Semibold.otf"; sourceTree = "<group>"; };
		3F7C3A132C300C4700EDE67C /* Info.plist */ = {isa = PBXFileReference; lastKnownFileType = text.plist.xml; path = Info.plist; sourceTree = "<group>"; };
		3F7C3A152C300D0F00EDE67C /* Font+Extensions.swift */ = {isa = PBXFileReference; lastKnownFileType = sourcecode.swift; path = "Font+Extensions.swift"; sourceTree = "<group>"; };
		3F7C3A172C300FEC00EDE67C /* SearchBar.swift */ = {isa = PBXFileReference; lastKnownFileType = sourcecode.swift; path = SearchBar.swift; sourceTree = "<group>"; };
		3F7C3A192C30114500EDE67C /* SalesmanRow.swift */ = {isa = PBXFileReference; lastKnownFileType = sourcecode.swift; path = SalesmanRow.swift; sourceTree = "<group>"; };
		3F7C3A1B2C30123D00EDE67C /* ContactCircleView.swift */ = {isa = PBXFileReference; lastKnownFileType = sourcecode.swift; path = ContactCircleView.swift; sourceTree = "<group>"; };
		3F7C3A1F2C30157D00EDE67C /* String+Extensions.swift */ = {isa = PBXFileReference; lastKnownFileType = sourcecode.swift; path = "String+Extensions.swift"; sourceTree = "<group>"; };
		3F7C3A222C30199D00EDE67C /* SalesmanTestData.swift */ = {isa = PBXFileReference; lastKnownFileType = sourcecode.swift; path = SalesmanTestData.swift; sourceTree = "<group>"; };
		3F7C3A262C301D3C00EDE67C /* TopNavBar.swift */ = {isa = PBXFileReference; fileEncoding = 4; lastKnownFileType = sourcecode.swift; path = TopNavBar.swift; sourceTree = "<group>"; };
		3F7C3A282C301D7500EDE67C /* SafeAreaTopColor.swift */ = {isa = PBXFileReference; lastKnownFileType = sourcecode.swift; path = SafeAreaTopColor.swift; sourceTree = "<group>"; };
		3F7C3A2C2C30321C00EDE67C /* SearchSalesmenUseCase.swift */ = {isa = PBXFileReference; lastKnownFileType = sourcecode.swift; path = SearchSalesmenUseCase.swift; sourceTree = "<group>"; };
		3F7C3A2E2C30360C00EDE67C /* SalesmanQuery.swift */ = {isa = PBXFileReference; lastKnownFileType = sourcecode.swift; path = SalesmanQuery.swift; sourceTree = "<group>"; };
		3F7C3A312C3038C300EDE67C /* Array+Extensions.swift */ = {isa = PBXFileReference; lastKnownFileType = sourcecode.swift; path = "Array+Extensions.swift"; sourceTree = "<group>"; };
		3F7C3A342C303A0F00EDE67C /* Publisher+Extensions.swift */ = {isa = PBXFileReference; lastKnownFileType = sourcecode.swift; path = "Publisher+Extensions.swift"; sourceTree = "<group>"; };
		3F7C3A362C30560400EDE67C /* UIApplication+Extensions.swift */ = {isa = PBXFileReference; lastKnownFileType = sourcecode.swift; path = "UIApplication+Extensions.swift"; sourceTree = "<group>"; };
		3F7C3A3C2C3060D500EDE67C /* AppDIContainer.swift */ = {isa = PBXFileReference; lastKnownFileType = sourcecode.swift; path = AppDIContainer.swift; sourceTree = "<group>"; };
		3F7C3A402C30663900EDE67C /* SalesmanDIContainer.swift */ = {isa = PBXFileReference; lastKnownFileType = sourcecode.swift; path = SalesmanDIContainer.swift; sourceTree = "<group>"; };
		3F7C3A442C309D9400EDE67C /* SearchSalesmenUseCaseTests.swift */ = {isa = PBXFileReference; lastKnownFileType = sourcecode.swift; path = SearchSalesmenUseCaseTests.swift; sourceTree = "<group>"; };
/* End PBXFileReference section */

/* Begin PBXFrameworksBuildPhase section */
		3F7C39A72C2FE32800EDE67C /* Frameworks */ = {
			isa = PBXFrameworksBuildPhase;
			buildActionMask = 2147483647;
			files = (
			);
			runOnlyForDeploymentPostprocessing = 0;
		};
		3F7C39B72C2FE32900EDE67C /* Frameworks */ = {
			isa = PBXFrameworksBuildPhase;
			buildActionMask = 2147483647;
			files = (
			);
			runOnlyForDeploymentPostprocessing = 0;
		};
		3F7C39C12C2FE32900EDE67C /* Frameworks */ = {
			isa = PBXFrameworksBuildPhase;
			buildActionMask = 2147483647;
			files = (
			);
			runOnlyForDeploymentPostprocessing = 0;
		};
/* End PBXFrameworksBuildPhase section */

/* Begin PBXGroup section */
		3F7C39A12C2FE32800EDE67C = {
			isa = PBXGroup;
			children = (
				3F7C39D72C2FE38600EDE67C /* README.md */,
				3F7C39AC2C2FE32800EDE67C /* SalesmanApp */,
				3F7C39BD2C2FE32900EDE67C /* SalesmanAppTests */,
				3F7C39C72C2FE32900EDE67C /* SalesmanAppUITests */,
				3F7C39AB2C2FE32800EDE67C /* Products */,
			);
			sourceTree = "<group>";
		};
		3F7C39AB2C2FE32800EDE67C /* Products */ = {
			isa = PBXGroup;
			children = (
				3F7C39AA2C2FE32800EDE67C /* SalesmanApp.app */,
				3F7C39BA2C2FE32900EDE67C /* SalesmanAppTests.xctest */,
				3F7C39C42C2FE32900EDE67C /* SalesmanAppUITests.xctest */,
			);
			name = Products;
			sourceTree = "<group>";
		};
		3F7C39AC2C2FE32800EDE67C /* SalesmanApp */ = {
			isa = PBXGroup;
			children = (
				3F7C39FD2C2FFFE600EDE67C /* Presentation */,
				3F7C39E42C2FEDAF00EDE67C /* Domain */,
				3F7C39E02C2FED0E00EDE67C /* Data */,
				3F7C39DD2C2FEA0500EDE67C /* Application */,
				3F7C39DB2C2FE9AA00EDE67C /* Utils */,
				3F7C39D92C2FE76B00EDE67C /* Resources */,
				3F7C39B32C2FE32900EDE67C /* Preview Content */,
				3F7C3A132C300C4700EDE67C /* Info.plist */,
			);
			path = SalesmanApp;
			sourceTree = "<group>";
		};
		3F7C39B32C2FE32900EDE67C /* Preview Content */ = {
			isa = PBXGroup;
			children = (
				3F7C39B42C2FE32900EDE67C /* Preview Assets.xcassets */,
			);
			path = "Preview Content";
			sourceTree = "<group>";
		};
		3F7C39BD2C2FE32900EDE67C /* SalesmanAppTests */ = {
			isa = PBXGroup;
			children = (
				3F7C3A422C309D5A00EDE67C /* Domain */,
			);
			path = SalesmanAppTests;
			sourceTree = "<group>";
		};
		3F7C39C72C2FE32900EDE67C /* SalesmanAppUITests */ = {
			isa = PBXGroup;
			children = (
				3F7C39C82C2FE32900EDE67C /* SalesmanAppUITests.swift */,
				3F7C39CA2C2FE32900EDE67C /* SalesmanAppUITestsLaunchTests.swift */,
			);
			path = SalesmanAppUITests;
			sourceTree = "<group>";
		};
		3F7C39D92C2FE76B00EDE67C /* Resources */ = {
			isa = PBXGroup;
			children = (
				3F7C3A0E2C300BF900EDE67C /* Fonts */,
				3F7C39B12C2FE32900EDE67C /* Assets.xcassets */,
				3F7C39DE2C2FEA5000EDE67C /* Localizable.xcstrings */,
			);
			path = Resources;
			sourceTree = "<group>";
		};
		3F7C39DB2C2FE9AA00EDE67C /* Utils */ = {
			isa = PBXGroup;
			children = (
				3F7C3A332C303A0200EDE67C /* Extensions */,
				3F7C3A212C30198E00EDE67C /* TestData */,
			);
			path = Utils;
			sourceTree = "<group>";
		};
		3F7C39DD2C2FEA0500EDE67C /* Application */ = {
			isa = PBXGroup;
			children = (
				3F7C3A3E2C30661F00EDE67C /* DIContainer */,
				3F7C39AD2C2FE32800EDE67C /* SalesmanApp.swift */,
				3F7C39AF2C2FE32800EDE67C /* ContentView.swift */,
			);
			path = Application;
			sourceTree = "<group>";
		};
		3F7C39E02C2FED0E00EDE67C /* Data */ = {
			isa = PBXGroup;
			children = (
				3F7C39EC2C2FEE7200EDE67C /* Repositories */,
				3F7C39E12C2FED2000EDE67C /* DTOs */,
			);
			path = Data;
			sourceTree = "<group>";
		};
		3F7C39E12C2FED2000EDE67C /* DTOs */ = {
			isa = PBXGroup;
			children = (
				3F7C39E22C2FED5F00EDE67C /* SalesmanDTO.swift */,
			);
			path = DTOs;
			sourceTree = "<group>";
		};
		3F7C39E42C2FEDAF00EDE67C /* Domain */ = {
			isa = PBXGroup;
			children = (
				3F7C3A302C3038B800EDE67C /* Utils */,
				3F7C3A062C3000F500EDE67C /* UseCases */,
				3F7C39E92C2FEE0900EDE67C /* Entities */,
				3F7C39E52C2FEDB300EDE67C /* Interfaces */,
			);
			path = Domain;
			sourceTree = "<group>";
		};
		3F7C39E52C2FEDB300EDE67C /* Interfaces */ = {
			isa = PBXGroup;
			children = (
				3F7C39E62C2FEDB800EDE67C /* Repositories */,
			);
			path = Interfaces;
			sourceTree = "<group>";
		};
		3F7C39E62C2FEDB800EDE67C /* Repositories */ = {
			isa = PBXGroup;
			children = (
				3F7C39E72C2FEDCF00EDE67C /* SalesmansRepository.swift */,
			);
			path = Repositories;
			sourceTree = "<group>";
		};
		3F7C39E92C2FEE0900EDE67C /* Entities */ = {
			isa = PBXGroup;
			children = (
				3F7C39EA2C2FEE1900EDE67C /* Salesman.swift */,
				3F7C3A2E2C30360C00EDE67C /* SalesmanQuery.swift */,
			);
			path = Entities;
			sourceTree = "<group>";
		};
		3F7C39EC2C2FEE7200EDE67C /* Repositories */ = {
			isa = PBXGroup;
			children = (
				3F7C39ED2C2FEE8500EDE67C /* DefaultSalesmansRepository.swift */,
			);
			path = Repositories;
			sourceTree = "<group>";
		};
		3F7C39FD2C2FFFE600EDE67C /* Presentation */ = {
			isa = PBXGroup;
			children = (
				3F7C3A142C300CFF00EDE67C /* Utils */,
				3F7C3A0B2C300A0200EDE67C /* Common */,
				3F7C3A092C3004C700EDE67C /* Salesman */,
			);
			path = Presentation;
			sourceTree = "<group>";
		};
		3F7C39FE2C30005600EDE67C /* SalesmanAddressesScreen */ = {
			isa = PBXGroup;
			children = (
				3F7C3A012C30009E00EDE67C /* ViewModel */,
				3F7C3A002C30009900EDE67C /* View */,
			);
			path = SalesmanAddressesScreen;
			sourceTree = "<group>";
		};
		3F7C3A002C30009900EDE67C /* View */ = {
			isa = PBXGroup;
			children = (
				3F7C3A0A2C3009F300EDE67C /* Components */,
				3F7C3A042C3000E100EDE67C /* SalesmanAddressesListView.swift */,
			);
			path = View;
			sourceTree = "<group>";
		};
		3F7C3A012C30009E00EDE67C /* ViewModel */ = {
			isa = PBXGroup;
			children = (
				3F7C3A022C3000C600EDE67C /* SalesmanAddressesViewModel.swift */,
			);
			path = ViewModel;
			sourceTree = "<group>";
		};
		3F7C3A062C3000F500EDE67C /* UseCases */ = {
			isa = PBXGroup;
			children = (
				3F7C3A072C30013400EDE67C /* FetchSalesmansUseCase.swift */,
				3F7C3A2C2C30321C00EDE67C /* SearchSalesmenUseCase.swift */,
			);
			path = UseCases;
			sourceTree = "<group>";
		};
		3F7C3A092C3004C700EDE67C /* Salesman */ = {
			isa = PBXGroup;
			children = (
				3F7C39FE2C30005600EDE67C /* SalesmanAddressesScreen */,
			);
			path = Salesman;
			sourceTree = "<group>";
		};
		3F7C3A0A2C3009F300EDE67C /* Components */ = {
			isa = PBXGroup;
			children = (
				3F7C3A192C30114500EDE67C /* SalesmanRow.swift */,
				3F7C3A1B2C30123D00EDE67C /* ContactCircleView.swift */,
			);
			path = Components;
			sourceTree = "<group>";
		};
		3F7C3A0B2C300A0200EDE67C /* Common */ = {
			isa = PBXGroup;
			children = (
				3F7C3A252C301D2300EDE67C /* Components */,
				3F7C3A242C301D1D00EDE67C /* Modifiers */,
			);
			path = Common;
			sourceTree = "<group>";
		};
		3F7C3A0E2C300BF900EDE67C /* Fonts */ = {
			isa = PBXGroup;
			children = (
				3F7C3A112C300C3000EDE67C /* SF-Pro-Semibold.otf */,
				3F7C3A0F2C300C0A00EDE67C /* SF-Pro-Regular.otf */,
			);
			path = Fonts;
			sourceTree = "<group>";
		};
		3F7C3A142C300CFF00EDE67C /* Utils */ = {
			isa = PBXGroup;
			children = (
				3F7C3A152C300D0F00EDE67C /* Font+Extensions.swift */,
				3F7C3A1F2C30157D00EDE67C /* String+Extensions.swift */,
				3F7C3A362C30560400EDE67C /* UIApplication+Extensions.swift */,
			);
			path = Utils;
			sourceTree = "<group>";
		};
		3F7C3A212C30198E00EDE67C /* TestData */ = {
			isa = PBXGroup;
			children = (
				3F7C3A222C30199D00EDE67C /* SalesmanTestData.swift */,
			);
			path = TestData;
			sourceTree = "<group>";
		};
		3F7C3A242C301D1D00EDE67C /* Modifiers */ = {
			isa = PBXGroup;
			children = (
				3F7C3A282C301D7500EDE67C /* SafeAreaTopColor.swift */,
			);
			path = Modifiers;
			sourceTree = "<group>";
		};
		3F7C3A252C301D2300EDE67C /* Components */ = {
			isa = PBXGroup;
			children = (
				3F7C3A262C301D3C00EDE67C /* TopNavBar.swift */,
				3F7C3A172C300FEC00EDE67C /* SearchBar.swift */,
			);
			path = Components;
			sourceTree = "<group>";
		};
		3F7C3A302C3038B800EDE67C /* Utils */ = {
			isa = PBXGroup;
			children = (
				3F7C3A312C3038C300EDE67C /* Array+Extensions.swift */,
			);
			path = Utils;
			sourceTree = "<group>";
		};
		3F7C3A332C303A0200EDE67C /* Extensions */ = {
			isa = PBXGroup;
			children = (
				3F7C3A342C303A0F00EDE67C /* Publisher+Extensions.swift */,
			);
			path = Extensions;
			sourceTree = "<group>";
		};
		3F7C3A3E2C30661F00EDE67C /* DIContainer */ = {
			isa = PBXGroup;
			children = (
				3F7C3A402C30663900EDE67C /* SalesmanDIContainer.swift */,
				3F7C3A3C2C3060D500EDE67C /* AppDIContainer.swift */,
			);
			path = DIContainer;
			sourceTree = "<group>";
		};
		3F7C3A422C309D5A00EDE67C /* Domain */ = {
			isa = PBXGroup;
			children = (
				3F7C3A432C309D5F00EDE67C /* UseCases */,
			);
			path = Domain;
			sourceTree = "<group>";
		};
		3F7C3A432C309D5F00EDE67C /* UseCases */ = {
			isa = PBXGroup;
			children = (
				3F7C3A442C309D9400EDE67C /* SearchSalesmenUseCaseTests.swift */,
			);
			path = UseCases;
			sourceTree = "<group>";
		};
/* End PBXGroup section */

/* Begin PBXNativeTarget section */
		3F7C39A92C2FE32800EDE67C /* SalesmanApp */ = {
			isa = PBXNativeTarget;
			buildConfigurationList = 3F7C39CE2C2FE32900EDE67C /* Build configuration list for PBXNativeTarget "SalesmanApp" */;
			buildPhases = (
				3F7C39A62C2FE32800EDE67C /* Sources */,
				3F7C39A72C2FE32800EDE67C /* Frameworks */,
				3F7C39A82C2FE32800EDE67C /* Resources */,
			);
			buildRules = (
			);
			dependencies = (
			);
			name = SalesmanApp;
			productName = SalesmanApp;
			productReference = 3F7C39AA2C2FE32800EDE67C /* SalesmanApp.app */;
			productType = "com.apple.product-type.application";
		};
		3F7C39B92C2FE32900EDE67C /* SalesmanAppTests */ = {
			isa = PBXNativeTarget;
			buildConfigurationList = 3F7C39D12C2FE32900EDE67C /* Build configuration list for PBXNativeTarget "SalesmanAppTests" */;
			buildPhases = (
				3F7C39B62C2FE32900EDE67C /* Sources */,
				3F7C39B72C2FE32900EDE67C /* Frameworks */,
				3F7C39B82C2FE32900EDE67C /* Resources */,
			);
			buildRules = (
			);
			dependencies = (
				3F7C39BC2C2FE32900EDE67C /* PBXTargetDependency */,
			);
			name = SalesmanAppTests;
			productName = SalesmanAppTests;
			productReference = 3F7C39BA2C2FE32900EDE67C /* SalesmanAppTests.xctest */;
			productType = "com.apple.product-type.bundle.unit-test";
		};
		3F7C39C32C2FE32900EDE67C /* SalesmanAppUITests */ = {
			isa = PBXNativeTarget;
			buildConfigurationList = 3F7C39D42C2FE32900EDE67C /* Build configuration list for PBXNativeTarget "SalesmanAppUITests" */;
			buildPhases = (
				3F7C39C02C2FE32900EDE67C /* Sources */,
				3F7C39C12C2FE32900EDE67C /* Frameworks */,
				3F7C39C22C2FE32900EDE67C /* Resources */,
			);
			buildRules = (
			);
			dependencies = (
				3F7C39C62C2FE32900EDE67C /* PBXTargetDependency */,
			);
			name = SalesmanAppUITests;
			productName = SalesmanAppUITests;
			productReference = 3F7C39C42C2FE32900EDE67C /* SalesmanAppUITests.xctest */;
			productType = "com.apple.product-type.bundle.ui-testing";
		};
/* End PBXNativeTarget section */

/* Begin PBXProject section */
		3F7C39A22C2FE32800EDE67C /* Project object */ = {
			isa = PBXProject;
			attributes = {
				BuildIndependentTargetsInParallel = 1;
				LastSwiftUpdateCheck = 1500;
				LastUpgradeCheck = 1500;
				TargetAttributes = {
					3F7C39A92C2FE32800EDE67C = {
						CreatedOnToolsVersion = 15.0.1;
					};
					3F7C39B92C2FE32900EDE67C = {
						CreatedOnToolsVersion = 15.0.1;
						LastSwiftMigration = 1500;
						TestTargetID = 3F7C39A92C2FE32800EDE67C;
					};
					3F7C39C32C2FE32900EDE67C = {
						CreatedOnToolsVersion = 15.0.1;
						TestTargetID = 3F7C39A92C2FE32800EDE67C;
					};
				};
			};
			buildConfigurationList = 3F7C39A52C2FE32800EDE67C /* Build configuration list for PBXProject "SalesmanApp" */;
			compatibilityVersion = "Xcode 14.0";
			developmentRegion = de;
			hasScannedForEncodings = 0;
			knownRegions = (
				en,
				Base,
				de,
			);
			mainGroup = 3F7C39A12C2FE32800EDE67C;
			productRefGroup = 3F7C39AB2C2FE32800EDE67C /* Products */;
			projectDirPath = "";
			projectRoot = "";
			targets = (
				3F7C39A92C2FE32800EDE67C /* SalesmanApp */,
				3F7C39B92C2FE32900EDE67C /* SalesmanAppTests */,
				3F7C39C32C2FE32900EDE67C /* SalesmanAppUITests */,
			);
		};
/* End PBXProject section */

/* Begin PBXResourcesBuildPhase section */
		3F7C39A82C2FE32800EDE67C /* Resources */ = {
			isa = PBXResourcesBuildPhase;
			buildActionMask = 2147483647;
			files = (
				3F7C3A122C300C3000EDE67C /* SF-Pro-Semibold.otf in Resources */,
				3F7C39D82C2FE38600EDE67C /* README.md in Resources */,
				3F7C39B52C2FE32900EDE67C /* Preview Assets.xcassets in Resources */,
				3F7C39DF2C2FEA5000EDE67C /* Localizable.xcstrings in Resources */,
				3F7C3A102C300C0A00EDE67C /* SF-Pro-Regular.otf in Resources */,
				3F7C39B22C2FE32900EDE67C /* Assets.xcassets in Resources */,
			);
			runOnlyForDeploymentPostprocessing = 0;
		};
		3F7C39B82C2FE32900EDE67C /* Resources */ = {
			isa = PBXResourcesBuildPhase;
			buildActionMask = 2147483647;
			files = (
			);
			runOnlyForDeploymentPostprocessing = 0;
		};
		3F7C39C22C2FE32900EDE67C /* Resources */ = {
			isa = PBXResourcesBuildPhase;
			buildActionMask = 2147483647;
			files = (
			);
			runOnlyForDeploymentPostprocessing = 0;
		};
/* End PBXResourcesBuildPhase section */

/* Begin PBXSourcesBuildPhase section */
		3F7C39A62C2FE32800EDE67C /* Sources */ = {
			isa = PBXSourcesBuildPhase;
			buildActionMask = 2147483647;
			files = (
				3F7C3A372C30560400EDE67C /* UIApplication+Extensions.swift in Sources */,
				3F7C39EE2C2FEE8500EDE67C /* DefaultSalesmansRepository.swift in Sources */,
				3F7C3A082C30013400EDE67C /* FetchSalesmansUseCase.swift in Sources */,
				3F7C39B02C2FE32800EDE67C /* ContentView.swift in Sources */,
				3F7C3A3D2C3060D500EDE67C /* AppDIContainer.swift in Sources */,
				3F7C39EB2C2FEE1900EDE67C /* Salesman.swift in Sources */,
				3F7C3A052C3000E100EDE67C /* SalesmanAddressesListView.swift in Sources */,
				3F7C3A2D2C30321C00EDE67C /* SearchSalesmenUseCase.swift in Sources */,
				3F7C3A1A2C30114500EDE67C /* SalesmanRow.swift in Sources */,
				3F7C3A182C300FEC00EDE67C /* SearchBar.swift in Sources */,
				3F7C3A292C301D7500EDE67C /* SafeAreaTopColor.swift in Sources */,
				3F7C39AE2C2FE32800EDE67C /* SalesmanApp.swift in Sources */,
				3F7C3A2F2C30360C00EDE67C /* SalesmanQuery.swift in Sources */,
				3F7C3A322C3038C300EDE67C /* Array+Extensions.swift in Sources */,
				3F7C3A032C3000C600EDE67C /* SalesmanAddressesViewModel.swift in Sources */,
				3F7C3A202C30157D00EDE67C /* String+Extensions.swift in Sources */,
				3F7C39E32C2FED5F00EDE67C /* SalesmanDTO.swift in Sources */,
				3F7C3A272C301D3C00EDE67C /* TopNavBar.swift in Sources */,
				3F7C3A352C303A0F00EDE67C /* Publisher+Extensions.swift in Sources */,
				3F7C39E82C2FEDCF00EDE67C /* SalesmansRepository.swift in Sources */,
				3F7C3A162C300D0F00EDE67C /* Font+Extensions.swift in Sources */,
				3F7C3A412C30663900EDE67C /* SalesmanDIContainer.swift in Sources */,
				3F7C3A1C2C30123D00EDE67C /* ContactCircleView.swift in Sources */,
				3F7C3A232C30199D00EDE67C /* SalesmanTestData.swift in Sources */,
			);
			runOnlyForDeploymentPostprocessing = 0;
		};
		3F7C39B62C2FE32900EDE67C /* Sources */ = {
			isa = PBXSourcesBuildPhase;
			buildActionMask = 2147483647;
			files = (
				3F7C3A452C309D9400EDE67C /* SearchSalesmenUseCaseTests.swift in Sources */,
			);
			runOnlyForDeploymentPostprocessing = 0;
		};
		3F7C39C02C2FE32900EDE67C /* Sources */ = {
			isa = PBXSourcesBuildPhase;
			buildActionMask = 2147483647;
			files = (
				3F7C39CB2C2FE32900EDE67C /* SalesmanAppUITestsLaunchTests.swift in Sources */,
				3F7C39C92C2FE32900EDE67C /* SalesmanAppUITests.swift in Sources */,
			);
			runOnlyForDeploymentPostprocessing = 0;
		};
/* End PBXSourcesBuildPhase section */

/* Begin PBXTargetDependency section */
		3F7C39BC2C2FE32900EDE67C /* PBXTargetDependency */ = {
			isa = PBXTargetDependency;
			target = 3F7C39A92C2FE32800EDE67C /* SalesmanApp */;
			targetProxy = 3F7C39BB2C2FE32900EDE67C /* PBXContainerItemProxy */;
		};
		3F7C39C62C2FE32900EDE67C /* PBXTargetDependency */ = {
			isa = PBXTargetDependency;
			target = 3F7C39A92C2FE32800EDE67C /* SalesmanApp */;
			targetProxy = 3F7C39C52C2FE32900EDE67C /* PBXContainerItemProxy */;
		};
/* End PBXTargetDependency section */

/* Begin XCBuildConfiguration section */
		3F7C39CC2C2FE32900EDE67C /* Debug */ = {
			isa = XCBuildConfiguration;
			buildSettings = {
				ALWAYS_SEARCH_USER_PATHS = NO;
				ASSETCATALOG_COMPILER_GENERATE_SWIFT_ASSET_SYMBOL_EXTENSIONS = YES;
				CLANG_ANALYZER_NONNULL = YES;
				CLANG_ANALYZER_NUMBER_OBJECT_CONVERSION = YES_AGGRESSIVE;
				CLANG_CXX_LANGUAGE_STANDARD = "gnu++20";
				CLANG_ENABLE_MODULES = YES;
				CLANG_ENABLE_OBJC_ARC = YES;
				CLANG_ENABLE_OBJC_WEAK = YES;
				CLANG_WARN_BLOCK_CAPTURE_AUTORELEASING = YES;
				CLANG_WARN_BOOL_CONVERSION = YES;
				CLANG_WARN_COMMA = YES;
				CLANG_WARN_CONSTANT_CONVERSION = YES;
				CLANG_WARN_DEPRECATED_OBJC_IMPLEMENTATIONS = YES;
				CLANG_WARN_DIRECT_OBJC_ISA_USAGE = YES_ERROR;
				CLANG_WARN_DOCUMENTATION_COMMENTS = YES;
				CLANG_WARN_EMPTY_BODY = YES;
				CLANG_WARN_ENUM_CONVERSION = YES;
				CLANG_WARN_INFINITE_RECURSION = YES;
				CLANG_WARN_INT_CONVERSION = YES;
				CLANG_WARN_NON_LITERAL_NULL_CONVERSION = YES;
				CLANG_WARN_OBJC_IMPLICIT_RETAIN_SELF = YES;
				CLANG_WARN_OBJC_LITERAL_CONVERSION = YES;
				CLANG_WARN_OBJC_ROOT_CLASS = YES_ERROR;
				CLANG_WARN_QUOTED_INCLUDE_IN_FRAMEWORK_HEADER = YES;
				CLANG_WARN_RANGE_LOOP_ANALYSIS = YES;
				CLANG_WARN_STRICT_PROTOTYPES = YES;
				CLANG_WARN_SUSPICIOUS_MOVE = YES;
				CLANG_WARN_UNGUARDED_AVAILABILITY = YES_AGGRESSIVE;
				CLANG_WARN_UNREACHABLE_CODE = YES;
				CLANG_WARN__DUPLICATE_METHOD_MATCH = YES;
				COPY_PHASE_STRIP = NO;
				DEBUG_INFORMATION_FORMAT = dwarf;
				ENABLE_STRICT_OBJC_MSGSEND = YES;
				ENABLE_TESTABILITY = YES;
				ENABLE_USER_SCRIPT_SANDBOXING = YES;
				GCC_C_LANGUAGE_STANDARD = gnu17;
				GCC_DYNAMIC_NO_PIC = NO;
				GCC_NO_COMMON_BLOCKS = YES;
				GCC_OPTIMIZATION_LEVEL = 0;
				GCC_PREPROCESSOR_DEFINITIONS = (
					"DEBUG=1",
					"$(inherited)",
				);
				GCC_WARN_64_TO_32_BIT_CONVERSION = YES;
				GCC_WARN_ABOUT_RETURN_TYPE = YES_ERROR;
				GCC_WARN_UNDECLARED_SELECTOR = YES;
				GCC_WARN_UNINITIALIZED_AUTOS = YES_AGGRESSIVE;
				GCC_WARN_UNUSED_FUNCTION = YES;
				GCC_WARN_UNUSED_VARIABLE = YES;
				IPHONEOS_DEPLOYMENT_TARGET = 16.0;
				LOCALIZATION_PREFERS_STRING_CATALOGS = YES;
				MTL_ENABLE_DEBUG_INFO = INCLUDE_SOURCE;
				MTL_FAST_MATH = YES;
				ONLY_ACTIVE_ARCH = YES;
				SDKROOT = iphoneos;
				SWIFT_ACTIVE_COMPILATION_CONDITIONS = "DEBUG $(inherited)";
				SWIFT_OPTIMIZATION_LEVEL = "-Onone";
			};
			name = Debug;
		};
		3F7C39CD2C2FE32900EDE67C /* Release */ = {
			isa = XCBuildConfiguration;
			buildSettings = {
				ALWAYS_SEARCH_USER_PATHS = NO;
				ASSETCATALOG_COMPILER_GENERATE_SWIFT_ASSET_SYMBOL_EXTENSIONS = YES;
				CLANG_ANALYZER_NONNULL = YES;
				CLANG_ANALYZER_NUMBER_OBJECT_CONVERSION = YES_AGGRESSIVE;
				CLANG_CXX_LANGUAGE_STANDARD = "gnu++20";
				CLANG_ENABLE_MODULES = YES;
				CLANG_ENABLE_OBJC_ARC = YES;
				CLANG_ENABLE_OBJC_WEAK = YES;
				CLANG_WARN_BLOCK_CAPTURE_AUTORELEASING = YES;
				CLANG_WARN_BOOL_CONVERSION = YES;
				CLANG_WARN_COMMA = YES;
				CLANG_WARN_CONSTANT_CONVERSION = YES;
				CLANG_WARN_DEPRECATED_OBJC_IMPLEMENTATIONS = YES;
				CLANG_WARN_DIRECT_OBJC_ISA_USAGE = YES_ERROR;
				CLANG_WARN_DOCUMENTATION_COMMENTS = YES;
				CLANG_WARN_EMPTY_BODY = YES;
				CLANG_WARN_ENUM_CONVERSION = YES;
				CLANG_WARN_INFINITE_RECURSION = YES;
				CLANG_WARN_INT_CONVERSION = YES;
				CLANG_WARN_NON_LITERAL_NULL_CONVERSION = YES;
				CLANG_WARN_OBJC_IMPLICIT_RETAIN_SELF = YES;
				CLANG_WARN_OBJC_LITERAL_CONVERSION = YES;
				CLANG_WARN_OBJC_ROOT_CLASS = YES_ERROR;
				CLANG_WARN_QUOTED_INCLUDE_IN_FRAMEWORK_HEADER = YES;
				CLANG_WARN_RANGE_LOOP_ANALYSIS = YES;
				CLANG_WARN_STRICT_PROTOTYPES = YES;
				CLANG_WARN_SUSPICIOUS_MOVE = YES;
				CLANG_WARN_UNGUARDED_AVAILABILITY = YES_AGGRESSIVE;
				CLANG_WARN_UNREACHABLE_CODE = YES;
				CLANG_WARN__DUPLICATE_METHOD_MATCH = YES;
				COPY_PHASE_STRIP = NO;
				DEBUG_INFORMATION_FORMAT = "dwarf-with-dsym";
				ENABLE_NS_ASSERTIONS = NO;
				ENABLE_STRICT_OBJC_MSGSEND = YES;
				ENABLE_USER_SCRIPT_SANDBOXING = YES;
				GCC_C_LANGUAGE_STANDARD = gnu17;
				GCC_NO_COMMON_BLOCKS = YES;
				GCC_WARN_64_TO_32_BIT_CONVERSION = YES;
				GCC_WARN_ABOUT_RETURN_TYPE = YES_ERROR;
				GCC_WARN_UNDECLARED_SELECTOR = YES;
				GCC_WARN_UNINITIALIZED_AUTOS = YES_AGGRESSIVE;
				GCC_WARN_UNUSED_FUNCTION = YES;
				GCC_WARN_UNUSED_VARIABLE = YES;
				IPHONEOS_DEPLOYMENT_TARGET = 16.0;
				LOCALIZATION_PREFERS_STRING_CATALOGS = YES;
				MTL_ENABLE_DEBUG_INFO = NO;
				MTL_FAST_MATH = YES;
				SDKROOT = iphoneos;
				SWIFT_COMPILATION_MODE = wholemodule;
				VALIDATE_PRODUCT = YES;
			};
			name = Release;
		};
		3F7C39CF2C2FE32900EDE67C /* Debug */ = {
			isa = XCBuildConfiguration;
			buildSettings = {
				ASSETCATALOG_COMPILER_APPICON_NAME = AppIcon;
				ASSETCATALOG_COMPILER_GLOBAL_ACCENT_COLOR_NAME = AccentColor;
				CODE_SIGN_STYLE = Automatic;
				CURRENT_PROJECT_VERSION = 1;
				DEVELOPMENT_ASSET_PATHS = "\"SalesmanApp/Preview Content\"";
				ENABLE_PREVIEWS = YES;
				GENERATE_INFOPLIST_FILE = YES;
				INFOPLIST_FILE = SalesmanApp/Info.plist;
				INFOPLIST_KEY_CFBundleDisplayName = Salesman;
				INFOPLIST_KEY_UIApplicationSceneManifest_Generation = YES;
				INFOPLIST_KEY_UIApplicationSupportsIndirectInputEvents = YES;
				INFOPLIST_KEY_UILaunchScreen_Generation = YES;
				INFOPLIST_KEY_UISupportedInterfaceOrientations = "UIInterfaceOrientationLandscapeLeft UIInterfaceOrientationLandscapeRight UIInterfaceOrientationPortrait";
				INFOPLIST_KEY_UISupportedInterfaceOrientations_iPad = "UIInterfaceOrientationLandscapeLeft UIInterfaceOrientationLandscapeRight UIInterfaceOrientationPortrait UIInterfaceOrientationPortraitUpsideDown";
				IPHONEOS_DEPLOYMENT_TARGET = 16.0;
				LD_RUNPATH_SEARCH_PATHS = (
					"$(inherited)",
					"@executable_path/Frameworks",
				);
				MARKETING_VERSION = 1.0;
				PRODUCT_BUNDLE_IDENTIFIER = com.sokols.SalesmanApp;
				PRODUCT_NAME = "$(TARGET_NAME)";
				SWIFT_EMIT_LOC_STRINGS = YES;
				SWIFT_VERSION = 5.0;
				TARGETED_DEVICE_FAMILY = "1,2";
			};
			name = Debug;
		};
		3F7C39D02C2FE32900EDE67C /* Release */ = {
			isa = XCBuildConfiguration;
			buildSettings = {
				ASSETCATALOG_COMPILER_APPICON_NAME = AppIcon;
				ASSETCATALOG_COMPILER_GLOBAL_ACCENT_COLOR_NAME = AccentColor;
				CODE_SIGN_STYLE = Automatic;
				CURRENT_PROJECT_VERSION = 1;
				DEVELOPMENT_ASSET_PATHS = "\"SalesmanApp/Preview Content\"";
				ENABLE_PREVIEWS = YES;
				GENERATE_INFOPLIST_FILE = YES;
				INFOPLIST_FILE = SalesmanApp/Info.plist;
				INFOPLIST_KEY_CFBundleDisplayName = Salesman;
				INFOPLIST_KEY_UIApplicationSceneManifest_Generation = YES;
				INFOPLIST_KEY_UIApplicationSupportsIndirectInputEvents = YES;
				INFOPLIST_KEY_UILaunchScreen_Generation = YES;
				INFOPLIST_KEY_UISupportedInterfaceOrientations = "UIInterfaceOrientationLandscapeLeft UIInterfaceOrientationLandscapeRight UIInterfaceOrientationPortrait";
				INFOPLIST_KEY_UISupportedInterfaceOrientations_iPad = "UIInterfaceOrientationLandscapeLeft UIInterfaceOrientationLandscapeRight UIInterfaceOrientationPortrait UIInterfaceOrientationPortraitUpsideDown";
				IPHONEOS_DEPLOYMENT_TARGET = 16.0;
				LD_RUNPATH_SEARCH_PATHS = (
					"$(inherited)",
					"@executable_path/Frameworks",
				);
				MARKETING_VERSION = 1.0;
				PRODUCT_BUNDLE_IDENTIFIER = com.sokols.SalesmanApp;
				PRODUCT_NAME = "$(TARGET_NAME)";
				SWIFT_EMIT_LOC_STRINGS = YES;
				SWIFT_VERSION = 5.0;
				TARGETED_DEVICE_FAMILY = "1,2";
			};
			name = Release;
		};
		3F7C39D22C2FE32900EDE67C /* Debug */ = {
			isa = XCBuildConfiguration;
			buildSettings = {
				ALWAYS_EMBED_SWIFT_STANDARD_LIBRARIES = YES;
				BUNDLE_LOADER = "$(TEST_HOST)";
				CLANG_ENABLE_MODULES = YES;
				CODE_SIGN_STYLE = Automatic;
				CURRENT_PROJECT_VERSION = 1;
				GENERATE_INFOPLIST_FILE = YES;
				IPHONEOS_DEPLOYMENT_TARGET = 16.0;
				MARKETING_VERSION = 1.0;
				PRODUCT_BUNDLE_IDENTIFIER = com.sokols.SalesmanAppTests;
				PRODUCT_NAME = "$(TARGET_NAME)";
				SWIFT_EMIT_LOC_STRINGS = NO;
				SWIFT_OPTIMIZATION_LEVEL = "-Onone";
				SWIFT_VERSION = 5.0;
				TARGETED_DEVICE_FAMILY = "1,2";
				TEST_HOST = "$(BUILT_PRODUCTS_DIR)/SalesmanApp.app/$(BUNDLE_EXECUTABLE_FOLDER_PATH)/SalesmanApp";
			};
			name = Debug;
		};
		3F7C39D32C2FE32900EDE67C /* Release */ = {
			isa = XCBuildConfiguration;
			buildSettings = {
				ALWAYS_EMBED_SWIFT_STANDARD_LIBRARIES = YES;
				BUNDLE_LOADER = "$(TEST_HOST)";
				CLANG_ENABLE_MODULES = YES;
				CODE_SIGN_STYLE = Automatic;
				CURRENT_PROJECT_VERSION = 1;
				GENERATE_INFOPLIST_FILE = YES;
				IPHONEOS_DEPLOYMENT_TARGET = 16.0;
				MARKETING_VERSION = 1.0;
				PRODUCT_BUNDLE_IDENTIFIER = com.sokols.SalesmanAppTests;
				PRODUCT_NAME = "$(TARGET_NAME)";
				SWIFT_EMIT_LOC_STRINGS = NO;
				SWIFT_VERSION = 5.0;
				TARGETED_DEVICE_FAMILY = "1,2";
				TEST_HOST = "$(BUILT_PRODUCTS_DIR)/SalesmanApp.app/$(BUNDLE_EXECUTABLE_FOLDER_PATH)/SalesmanApp";
			};
			name = Release;
		};
		3F7C39D52C2FE32900EDE67C /* Debug */ = {
			isa = XCBuildConfiguration;
			buildSettings = {
				ALWAYS_EMBED_SWIFT_STANDARD_LIBRARIES = YES;
				CODE_SIGN_STYLE = Automatic;
				CURRENT_PROJECT_VERSION = 1;
				GENERATE_INFOPLIST_FILE = YES;
				MARKETING_VERSION = 1.0;
				PRODUCT_BUNDLE_IDENTIFIER = com.sokols.SalesmanAppUITests;
				PRODUCT_NAME = "$(TARGET_NAME)";
				SWIFT_EMIT_LOC_STRINGS = NO;
				SWIFT_VERSION = 5.0;
				TARGETED_DEVICE_FAMILY = "1,2";
				TEST_TARGET_NAME = SalesmanApp;
			};
			name = Debug;
		};
		3F7C39D62C2FE32900EDE67C /* Release */ = {
			isa = XCBuildConfiguration;
			buildSettings = {
				ALWAYS_EMBED_SWIFT_STANDARD_LIBRARIES = YES;
				CODE_SIGN_STYLE = Automatic;
				CURRENT_PROJECT_VERSION = 1;
				GENERATE_INFOPLIST_FILE = YES;
				MARKETING_VERSION = 1.0;
				PRODUCT_BUNDLE_IDENTIFIER = com.sokols.SalesmanAppUITests;
				PRODUCT_NAME = "$(TARGET_NAME)";
				SWIFT_EMIT_LOC_STRINGS = NO;
				SWIFT_VERSION = 5.0;
				TARGETED_DEVICE_FAMILY = "1,2";
				TEST_TARGET_NAME = SalesmanApp;
			};
			name = Release;
		};
/* End XCBuildConfiguration section */

/* Begin XCConfigurationList section */
		3F7C39A52C2FE32800EDE67C /* Build configuration list for PBXProject "SalesmanApp" */ = {
			isa = XCConfigurationList;
			buildConfigurations = (
				3F7C39CC2C2FE32900EDE67C /* Debug */,
				3F7C39CD2C2FE32900EDE67C /* Release */,
			);
			defaultConfigurationIsVisible = 0;
			defaultConfigurationName = Release;
		};
		3F7C39CE2C2FE32900EDE67C /* Build configuration list for PBXNativeTarget "SalesmanApp" */ = {
			isa = XCConfigurationList;
			buildConfigurations = (
				3F7C39CF2C2FE32900EDE67C /* Debug */,
				3F7C39D02C2FE32900EDE67C /* Release */,
			);
			defaultConfigurationIsVisible = 0;
			defaultConfigurationName = Release;
		};
		3F7C39D12C2FE32900EDE67C /* Build configuration list for PBXNativeTarget "SalesmanAppTests" */ = {
			isa = XCConfigurationList;
			buildConfigurations = (
				3F7C39D22C2FE32900EDE67C /* Debug */,
				3F7C39D32C2FE32900EDE67C /* Release */,
			);
			defaultConfigurationIsVisible = 0;
			defaultConfigurationName = Release;
		};
		3F7C39D42C2FE32900EDE67C /* Build configuration list for PBXNativeTarget "SalesmanAppUITests" */ = {
			isa = XCConfigurationList;
			buildConfigurations = (
				3F7C39D52C2FE32900EDE67C /* Debug */,
				3F7C39D62C2FE32900EDE67C /* Release */,
			);
			defaultConfigurationIsVisible = 0;
			defaultConfigurationName = Release;
		};
/* End XCConfigurationList section */
	};
	rootObject = 3F7C39A22C2FE32800EDE67C /* Project object */;
}
